PODS:
  - Expecta (0.3.1)
  - NitroKeyChain (0.1.0)
  - Specta (0.2.1)

DEPENDENCIES:
  - Expecta
  - NitroKeyChain (from `../`)
  - Specta (~> 0.2.1)

EXTERNAL SOURCES:
  NitroKeyChain:
    :path: ../

SPEC CHECKSUMS:
  Expecta: 03aabd0a89d8dea843baecb19a7fd7466a69a31d
  NitroKeyChain: daeae0ba7c52afdde79ce39cc9b07e769513d1e8
  Specta: 9141310f46b1f68b676650ff2854e1ed0b74163a

COCOAPODS: 0.33.1
